<?xml version="1.0" encoding="utf-8"?>
<Project ToolsVersion="4.0" xmlns="http://schemas.microsoft.com/developer/msbuild/2003">
  <ItemGroup>
    <Filter Include="include">
      <UniqueIdentifier>{5a9391bb-8b5b-4fa5-9746-ac40cc35d1e7}</UniqueIdentifier>
    </Filter>
    <Filter Include="source">
      <UniqueIdentifier>{3a94a617-35ac-4859-a7bc-46e5b4df8ac0}</UniqueIdentifier>
    </Filter>
  </ItemGroup>
  <ItemGroup>
    <ClInclude Include="..\..\include\mupdf\helpers\pkcs7-check.h">
      <Filter>include</Filter>
    </ClInclude>
    <ClInclude Include="..\..\include\mupdf\helpers\pkcs7-openssl.h">
      <Filter>include</Filter>
    </ClInclude>
  </ItemGroup>
  <ItemGroup>
    <ClCompile Include="..\..\source\helpers\pkcs7\pkcs7-check.c">
      <Filter>source</Filter>
    </ClCompile>
    <ClCompile Include="..\..\source\helpers\pkcs7\pkcs7-openssl.c">
      <Filter>source</Filter>
    </ClCompile>
  </ItemGroup>
</Project>